{
  "lockfileVersion": 1,
  "workspaces": {
    "": {
      "name": "@potetotown/perplexity",
      "dependencies": {
        "patchright": "^1.55.1",
      },
    },
  },
  "packages": {
    "fsevents": ["fsevents@2.3.2", "", { "os": "darwin" }, "sha512-xiqMQR4xAeHTuB9uWm+fFRcIOgKBMiOBP+eXiyT7jsgVCq1bkVygt00oASowB7EdtpOHaaPgKt812P9ab+DDKA=="],

    "patchright": ["patchright@1.55.1", "", { "dependencies": { "patchright-core": "1.55.1" }, "optionalDependencies": { "fsevents": "2.3.2" }, "bin": { "patchright": "cli.js" } }, "sha512-uj8X0sr5TlvabPLZDPQeip1uQ+CeO6VhBQpttNeAEzof3HeIKgRyAJfeNRa5XfU7z768B5w7qQ1hH6Dq6MrPzg=="],

    "patchright-core": ["patchright-core@1.55.1", "", { "bin": { "patchright-core": "cli.js" } }, "sha512-SHUW++cXt+htd726M/0aBstVuS5O961V0ua3DWJ/b/fsBA498XORzKbLYOyqo/MeJhOSAOdKtutmfq3gSdKJDQ=="],
  }
}
